
Microsoft Visual Studio Solution File, Format Version 12.00
# Visual Studio 2013
VisualStudioVersion = 12.0.21005.1
MinimumVisualStudioVersion = 10.0.40219.1
Project("{FAE04EC0-301F-11D3-BF4B-00C04F79EFBC}") = "ReadResult", "ReadResult\ReadResult.csproj", "{D4C0533D-9415-4397-A629-96ABD463BA8A}"
EndProject
Project("{FAE04EC0-301F-11D3-BF4B-00C04F79EFBC}") = "TestShareFolder", "TestShareFolder\TestShareFolder.csproj", "{D8F011B0-96B8-4E90-A538-705290C1944F}"
EndProject
Project("{FAE04EC0-301F-11D3-BF4B-00C04F79EFBC}") = "FolderBrowser", "FileBrowse\FolderBrowser.csproj", "{F1C654D6-87A9-4A3B-9AF3-377CD35C7B17}"
EndProject
Global
	GlobalSection(SolutionConfigurationPlatforms) = preSolution
		Debug|Any CPU = Debug|Any CPU
		Release|Any CPU = Release|Any CPU
	EndGlobalSection
	GlobalSection(ProjectConfigurationPlatforms) = postSolution
		{D4C0533D-9415-4397-A629-96ABD463BA8A}.Debug|Any CPU.ActiveCfg = Debug|Any CPU
		{D4C0533D-9415-4397-A629-96ABD463BA8A}.Debug|Any CPU.Build.0 = Debug|Any CPU
		{D4C0533D-9415-4397-A629-96ABD463BA8A}.Release|Any CPU.ActiveCfg = Release|Any CPU
		{D4C0533D-9415-4397-A629-96ABD463BA8A}.Release|Any CPU.Build.0 = Release|Any CPU
		{D8F011B0-96B8-4E90-A538-705290C1944F}.Debug|Any CPU.ActiveCfg = Debug|Any CPU
		{D8F011B0-96B8-4E90-A538-705290C1944F}.Debug|Any CPU.Build.0 = Debug|Any CPU
		{D8F011B0-96B8-4E90-A538-705290C1944F}.Release|Any CPU.ActiveCfg = Release|Any CPU
		{D8F011B0-96B8-4E90-A538-705290C1944F}.Release|Any CPU.Build.0 = Release|Any CPU
		{F1C654D6-87A9-4A3B-9AF3-377CD35C7B17}.Debug|Any CPU.ActiveCfg = Debug|Any CPU
		{F1C654D6-87A9-4A3B-9AF3-377CD35C7B17}.Debug|Any CPU.Build.0 = Debug|Any CPU
		{F1C654D6-87A9-4A3B-9AF3-377CD35C7B17}.Release|Any CPU.ActiveCfg = Release|Any CPU
		{F1C654D6-87A9-4A3B-9AF3-377CD35C7B17}.Release|Any CPU.Build.0 = Release|Any CPU
	EndGlobalSection
	GlobalSection(SolutionProperties) = preSolution
		HideSolutionNode = FALSE
	EndGlobalSection
EndGlobal
